
Microsoft Visual Studio Solution File, Format Version 12.00
# Visual Studio Version 17
VisualStudioVersion = 17.7.34024.191
MinimumVisualStudioVersion = 10.0.40219.1
Project("{FAE04EC0-301F-11D3-BF4B-00C04F79EFBC}") = "9lab_s", "9lab_s\9lab_s.csproj", "{3DD2544F-20D5-4524-BE88-FD018FD04D0E}"
EndProject
Global
	GlobalSection(SolutionConfigurationPlatforms) = preSolution
		Debug|Any CPU = Debug|Any CPU
		Release|Any CPU = Release|Any CPU
	EndGlobalSection
	GlobalSection(ProjectConfigurationPlatforms) = postSolution
		{3DD2544F-20D5-4524-BE88-FD018FD04D0E}.Debug|Any CPU.ActiveCfg = Debug|Any CPU
		{3DD2544F-20D5-4524-BE88-FD018FD04D0E}.Debug|Any CPU.Build.0 = Debug|Any CPU
		{3DD2544F-20D5-4524-BE88-FD018FD04D0E}.Release|Any CPU.ActiveCfg = Release|Any CPU
		{3DD2544F-20D5-4524-BE88-FD018FD04D0E}.Release|Any CPU.Build.0 = Release|Any CPU
	EndGlobalSection
	GlobalSection(SolutionProperties) = preSolution
		HideSolutionNode = FALSE
	EndGlobalSection
	GlobalSection(ExtensibilityGlobals) = postSolution
		SolutionGuid = {CCA6B7FC-543B-4063-9C51-91005D47274C}
	EndGlobalSection
EndGlobal
